{
  "requires": true,
  "lockfileVersion": 1,
  "dependencies": {
    "@orchidjs/sifter": {
      "version": "0.9.0",
      "resolved": "https://registry.npmjs.org/@orchidjs/sifter/-/sifter-0.9.0.tgz",
      "integrity": "sha512-NDYPhjdydJNbwDRvMFyUFFeImj1a+CJAwpjh/goKmvTHi726DPAJ1nW0X05p/GsorQgXHwhgDPyu6WaYqd4cRA=="
    },
    "tom-select": {
      "version": "2.0.0",
      "resolved": "https://registry.npmjs.org/tom-select/-/tom-select-2.0.0.tgz",
      "integrity": "sha512-ArECm8bNnv8GMTpvSQawesKX6IDv32cylqivjbghwCddYwfngmz+nOtEhQZkEye7BY415eutqhb4XYim2EL8Hg==",
      "requires": {
        "@orchidjs/sifter": "^0.9.0"
      }
    }
  }
}
